
Microsoft Visual Studio Solution File, Format Version 12.00
# Visual Studio Version 17
VisualStudioVersion = 17.7.34202.233
MinimumVisualStudioVersion = 10.0.40219.1
Project("{FAE04EC0-301F-11D3-BF4B-00C04F79EFBC}") = "WebApi", "WebApi\WebApi.csproj", "{B18822C5-AD4C-421D-8DC3-2268E660DDAD}"
EndProject
Global
	GlobalSection(SolutionConfigurationPlatforms) = preSolution
		Debug|Any CPU = Debug|Any CPU
		Release|Any CPU = Release|Any CPU
	EndGlobalSection
	GlobalSection(ProjectConfigurationPlatforms) = postSolution
		{B18822C5-AD4C-421D-8DC3-2268E660DDAD}.Debug|Any CPU.ActiveCfg = Debug|Any CPU
		{B18822C5-AD4C-421D-8DC3-2268E660DDAD}.Debug|Any CPU.Build.0 = Debug|Any CPU
		{B18822C5-AD4C-421D-8DC3-2268E660DDAD}.Release|Any CPU.ActiveCfg = Release|Any CPU
		{B18822C5-AD4C-421D-8DC3-2268E660DDAD}.Release|Any CPU.Build.0 = Release|Any CPU
	EndGlobalSection
	GlobalSection(SolutionProperties) = preSolution
		HideSolutionNode = FALSE
	EndGlobalSection
	GlobalSection(ExtensibilityGlobals) = postSolution
		SolutionGuid = {1E8DD83F-151E-4B06-A36D-C8B2931D3CD5}
	EndGlobalSection
EndGlobal
